
Microsoft Visual Studio Solution File, Format Version 12.00
# Visual Studio Version 17
VisualStudioVersion = 17.11.35327.3
MinimumVisualStudioVersion = 10.0.40219.1
Project("{FAE04EC0-301F-11D3-BF4B-00C04F79EFBC}") = "lista_exercicos_02", "lista_exercicos_02\lista_exercicos_02.csproj", "{EC2435CB-D13F-424D-919E-0961DF3CB4C4}"
EndProject
Global
	GlobalSection(SolutionConfigurationPlatforms) = preSolution
		Debug|Any CPU = Debug|Any CPU
		Release|Any CPU = Release|Any CPU
	EndGlobalSection
	GlobalSection(ProjectConfigurationPlatforms) = postSolution
		{EC2435CB-D13F-424D-919E-0961DF3CB4C4}.Debug|Any CPU.ActiveCfg = Debug|Any CPU
		{EC2435CB-D13F-424D-919E-0961DF3CB4C4}.Debug|Any CPU.Build.0 = Debug|Any CPU
		{EC2435CB-D13F-424D-919E-0961DF3CB4C4}.Release|Any CPU.ActiveCfg = Release|Any CPU
		{EC2435CB-D13F-424D-919E-0961DF3CB4C4}.Release|Any CPU.Build.0 = Release|Any CPU
	EndGlobalSection
	GlobalSection(SolutionProperties) = preSolution
		HideSolutionNode = FALSE
	EndGlobalSection
	GlobalSection(ExtensibilityGlobals) = postSolution
		SolutionGuid = {EEE54D03-3C54-431E-A82A-C91D195B20AE}
	EndGlobalSection
EndGlobal
