
Microsoft Visual Studio Solution File, Format Version 12.00
# Visual Studio Version 17
VisualStudioVersion = 17.11.35327.3
MinimumVisualStudioVersion = 10.0.40219.1
Project("{9A19103F-16F7-4668-BE54-9A1E7A4F7556}") = "lista_exercicos_02", "lista_exercicos_02\lista_exercicos_02.csproj", "{EC2435CB-D13F-424D-919E-0961DF3CB4C4}"
EndProject
Project("{FAE04EC0-301F-11D3-BF4B-00C04F79EFBC}") = "ex_01", "ex_01\ex_01.csproj", "{CA32F6E4-49D5-44B9-BC75-F6509C4054AA}"
EndProject
Project("{FAE04EC0-301F-11D3-BF4B-00C04F79EFBC}") = "ex_02", "ex_02\ex_02.csproj", "{4CDCDC20-BBFB-4952-9CF2-130BFA96C649}"
EndProject
Project("{FAE04EC0-301F-11D3-BF4B-00C04F79EFBC}") = "ex_03", "ex_03\ex_03.csproj", "{1BB31EA3-0AF5-4C70-B225-D2AFC41DA649}"
EndProject
Project("{FAE04EC0-301F-11D3-BF4B-00C04F79EFBC}") = "ex_04", "ex_04\ex_04.csproj", "{88CF4063-A3BD-4715-AAC7-F70833ADB76E}"
EndProject
Project("{FAE04EC0-301F-11D3-BF4B-00C04F79EFBC}") = "ex_05", "ex_05\ex_05.csproj", "{407111BD-DFF6-48FE-823B-0C78B6A69E0D}"
EndProject
Project("{FAE04EC0-301F-11D3-BF4B-00C04F79EFBC}") = "ex_06", "ex_06\ex_06.csproj", "{81E6FBB9-69BC-48AC-8388-0A31601F41DD}"
EndProject
Project("{FAE04EC0-301F-11D3-BF4B-00C04F79EFBC}") = "ex_07", "ex_07\ex_07.csproj", "{07820C5D-30CB-43CA-B16F-AE8752074B92}"
EndProject
Project("{FAE04EC0-301F-11D3-BF4B-00C04F79EFBC}") = "ex_08", "ex_08\ex_08.csproj", "{D5492F0F-0902-430F-BD4D-728FC950BCD9}"
EndProject
Project("{FAE04EC0-301F-11D3-BF4B-00C04F79EFBC}") = "ex_09", "ex_09\ex_09.csproj", "{51A963F6-2EE1-4AEE-9088-AE1BBDF94060}"
EndProject
Project("{FAE04EC0-301F-11D3-BF4B-00C04F79EFBC}") = "ex_10", "ex_10\ex_10.csproj", "{DD85EDEA-AACA-4F32-A215-886F9ACE095D}"
EndProject
Global
	GlobalSection(SolutionConfigurationPlatforms) = preSolution
		Debug|Any CPU = Debug|Any CPU
		Release|Any CPU = Release|Any CPU
	EndGlobalSection
	GlobalSection(ProjectConfigurationPlatforms) = postSolution
		{EC2435CB-D13F-424D-919E-0961DF3CB4C4}.Debug|Any CPU.ActiveCfg = Debug|Any CPU
		{EC2435CB-D13F-424D-919E-0961DF3CB4C4}.Debug|Any CPU.Build.0 = Debug|Any CPU
		{EC2435CB-D13F-424D-919E-0961DF3CB4C4}.Release|Any CPU.ActiveCfg = Release|Any CPU
		{EC2435CB-D13F-424D-919E-0961DF3CB4C4}.Release|Any CPU.Build.0 = Release|Any CPU
		{CA32F6E4-49D5-44B9-BC75-F6509C4054AA}.Debug|Any CPU.ActiveCfg = Debug|Any CPU
		{CA32F6E4-49D5-44B9-BC75-F6509C4054AA}.Debug|Any CPU.Build.0 = Debug|Any CPU
		{CA32F6E4-49D5-44B9-BC75-F6509C4054AA}.Release|Any CPU.ActiveCfg = Release|Any CPU
		{CA32F6E4-49D5-44B9-BC75-F6509C4054AA}.Release|Any CPU.Build.0 = Release|Any CPU
		{4CDCDC20-BBFB-4952-9CF2-130BFA96C649}.Debug|Any CPU.ActiveCfg = Debug|Any CPU
		{4CDCDC20-BBFB-4952-9CF2-130BFA96C649}.Debug|Any CPU.Build.0 = Debug|Any CPU
		{4CDCDC20-BBFB-4952-9CF2-130BFA96C649}.Release|Any CPU.ActiveCfg = Release|Any CPU
		{4CDCDC20-BBFB-4952-9CF2-130BFA96C649}.Release|Any CPU.Build.0 = Release|Any CPU
		{1BB31EA3-0AF5-4C70-B225-D2AFC41DA649}.Debug|Any CPU.ActiveCfg = Debug|Any CPU
		{1BB31EA3-0AF5-4C70-B225-D2AFC41DA649}.Debug|Any CPU.Build.0 = Debug|Any CPU
		{1BB31EA3-0AF5-4C70-B225-D2AFC41DA649}.Release|Any CPU.ActiveCfg = Release|Any CPU
		{1BB31EA3-0AF5-4C70-B225-D2AFC41DA649}.Release|Any CPU.Build.0 = Release|Any CPU
		{88CF4063-A3BD-4715-AAC7-F70833ADB76E}.Debug|Any CPU.ActiveCfg = Debug|Any CPU
		{88CF4063-A3BD-4715-AAC7-F70833ADB76E}.Debug|Any CPU.Build.0 = Debug|Any CPU
		{88CF4063-A3BD-4715-AAC7-F70833ADB76E}.Release|Any CPU.ActiveCfg = Release|Any CPU
		{88CF4063-A3BD-4715-AAC7-F70833ADB76E}.Release|Any CPU.Build.0 = Release|Any CPU
		{407111BD-DFF6-48FE-823B-0C78B6A69E0D}.Debug|Any CPU.ActiveCfg = Debug|Any CPU
		{407111BD-DFF6-48FE-823B-0C78B6A69E0D}.Debug|Any CPU.Build.0 = Debug|Any CPU
		{407111BD-DFF6-48FE-823B-0C78B6A69E0D}.Release|Any CPU.ActiveCfg = Release|Any CPU
		{407111BD-DFF6-48FE-823B-0C78B6A69E0D}.Release|Any CPU.Build.0 = Release|Any CPU
		{81E6FBB9-69BC-48AC-8388-0A31601F41DD}.Debug|Any CPU.ActiveCfg = Debug|Any CPU
		{81E6FBB9-69BC-48AC-8388-0A31601F41DD}.Debug|Any CPU.Build.0 = Debug|Any CPU
		{81E6FBB9-69BC-48AC-8388-0A31601F41DD}.Release|Any CPU.ActiveCfg = Release|Any CPU
		{81E6FBB9-69BC-48AC-8388-0A31601F41DD}.Release|Any CPU.Build.0 = Release|Any CPU
		{07820C5D-30CB-43CA-B16F-AE8752074B92}.Debug|Any CPU.ActiveCfg = Debug|Any CPU
		{07820C5D-30CB-43CA-B16F-AE8752074B92}.Debug|Any CPU.Build.0 = Debug|Any CPU
		{07820C5D-30CB-43CA-B16F-AE8752074B92}.Release|Any CPU.ActiveCfg = Release|Any CPU
		{07820C5D-30CB-43CA-B16F-AE8752074B92}.Release|Any CPU.Build.0 = Release|Any CPU
		{D5492F0F-0902-430F-BD4D-728FC950BCD9}.Debug|Any CPU.ActiveCfg = Debug|Any CPU
		{D5492F0F-0902-430F-BD4D-728FC950BCD9}.Debug|Any CPU.Build.0 = Debug|Any CPU
		{D5492F0F-0902-430F-BD4D-728FC950BCD9}.Release|Any CPU.ActiveCfg = Release|Any CPU
		{D5492F0F-0902-430F-BD4D-728FC950BCD9}.Release|Any CPU.Build.0 = Release|Any CPU
		{51A963F6-2EE1-4AEE-9088-AE1BBDF94060}.Debug|Any CPU.ActiveCfg = Debug|Any CPU
		{51A963F6-2EE1-4AEE-9088-AE1BBDF94060}.Debug|Any CPU.Build.0 = Debug|Any CPU
		{51A963F6-2EE1-4AEE-9088-AE1BBDF94060}.Release|Any CPU.ActiveCfg = Release|Any CPU
		{51A963F6-2EE1-4AEE-9088-AE1BBDF94060}.Release|Any CPU.Build.0 = Release|Any CPU
		{DD85EDEA-AACA-4F32-A215-886F9ACE095D}.Debug|Any CPU.ActiveCfg = Debug|Any CPU
		{DD85EDEA-AACA-4F32-A215-886F9ACE095D}.Debug|Any CPU.Build.0 = Debug|Any CPU
		{DD85EDEA-AACA-4F32-A215-886F9ACE095D}.Release|Any CPU.ActiveCfg = Release|Any CPU
		{DD85EDEA-AACA-4F32-A215-886F9ACE095D}.Release|Any CPU.Build.0 = Release|Any CPU
	EndGlobalSection
	GlobalSection(SolutionProperties) = preSolution
		HideSolutionNode = FALSE
	EndGlobalSection
	GlobalSection(ExtensibilityGlobals) = postSolution
		SolutionGuid = {EEE54D03-3C54-431E-A82A-C91D195B20AE}
	EndGlobalSection
EndGlobal
